
Microsoft Visual Studio Solution File, Format Version 12.00
# Visual Studio Version 16
VisualStudioVersion = 16.0.29905.134
MinimumVisualStudioVersion = 10.0.40219.1
Project("{FAE04EC0-301F-11D3-BF4B-00C04F79EFBC}") = "Path Finder", "Path Finder\Path Finder.csproj", "{776A61D4-D685-45A3-BED7-E73D52BCC9DC}"
EndProject
Global
	GlobalSection(SolutionConfigurationPlatforms) = preSolution
		Debug|Any CPU = Debug|Any CPU
		Release|Any CPU = Release|Any CPU
	EndGlobalSection
	GlobalSection(ProjectConfigurationPlatforms) = postSolution
		{776A61D4-D685-45A3-BED7-E73D52BCC9DC}.Debug|Any CPU.ActiveCfg = Debug|Any CPU
		{776A61D4-D685-45A3-BED7-E73D52BCC9DC}.Debug|Any CPU.Build.0 = Debug|Any CPU
		{776A61D4-D685-45A3-BED7-E73D52BCC9DC}.Release|Any CPU.ActiveCfg = Release|Any CPU
		{776A61D4-D685-45A3-BED7-E73D52BCC9DC}.Release|Any CPU.Build.0 = Release|Any CPU
	EndGlobalSection
	GlobalSection(SolutionProperties) = preSolution
		HideSolutionNode = FALSE
	EndGlobalSection
	GlobalSection(ExtensibilityGlobals) = postSolution
		SolutionGuid = {14F0BF81-BF23-4FDE-A6CB-44292DC43FA8}
	EndGlobalSection
EndGlobal
